{
  "version": 4,
  "terraform_version": "1.12.2",
  "serial": 7,
  "lineage": "94736397-64f1-fc4b-ee12-7557d52d38a9",
  "outputs": {},
  "resources": [
    {
      "mode": "managed",
      "type": "local_file",
      "name": "dir1",
      "provider": "provider[\"registry.terraform.io/hashicorp/local\"]",
      "instances": [
        {
          "schema_version": 0,
          "attributes": {
            "content": "this is dir1",
            "content_base64": null,
            "content_base64sha256": "OLlpYuMi2kcm/+UlTXLjPf9tC2lh5QMvJ4I17CbjDcw=",
            "content_base64sha512": "Hi4Bwz459nNB2ADXCLoW/PZbhtGFyW0wRsJeUeUnHwb2+l/8jxsnPhkBPBrCz8m+CtQGf135vooP8p7hRiEYlg==",
            "content_md5": "673df3a4dbe6b2bd3be3f4fd3f3c0618",
            "content_sha1": "267cbc85c958f2df9b087cc1a51bf5298e323f1f",
            "content_sha256": "38b96962e322da4726ffe5254d72e33dff6d0b6961e5032f278235ec26e30dcc",
            "content_sha512": "1e2e01c33e39f67341d800d708ba16fcf65b86d185c96d3046c25e51e5271f06f6fa5ffc8f1b273e19013c1ac2cfc9be0ad4067f5df9be8a0ff29ee146211896",
            "directory_permission": "0777",
            "file_permission": "0777",
            "filename": "dir1/ff",
            "id": "267cbc85c958f2df9b087cc1a51bf5298e323f1f",
            "sensitive_content": null,
            "source": null
          },
          "sensitive_attributes": [
            [
              {
                "type": "get_attr",
                "value": "sensitive_content"
              }
            ]
          ],
          "identity_schema_version": 0
        }
      ]
    },
    {
      "mode": "managed",
      "type": "local_file",
      "name": "dir2",
      "provider": "provider[\"registry.terraform.io/hashicorp/local\"]",
      "instances": [
        {
          "schema_version": 0,
          "attributes": {
            "content": "this is dir2",
            "content_base64": null,
            "content_base64sha256": "qg8b3R0Y6EEO4lEyKtUCUxLhb1943izmWRcmAxYt5Mc=",
            "content_base64sha512": "VyzRLyJFufLlAu8OdKGcZGGGL6gtCrNLapDJEVAGky9ZcgnBZKflroSx6oCJyUTOrPjUFJ9TV8WVNDYPkhjwwQ==",
            "content_md5": "0172428ea47f5070f2231b5bd2bf8423",
            "content_sha1": "7eeef5a1723c807191c9f192cc75e7a3a70cd9ea",
            "content_sha256": "aa0f1bdd1d18e8410ee251322ad5025312e16f5f78de2ce659172603162de4c7",
            "content_sha512": "572cd12f2245b9f2e502ef0e74a19c6461862fa82d0ab34b6a90c9115006932f597209c164a7e5ae84b1ea8089c944ceacf8d4149f5357c59534360f9218f0c1",
            "directory_permission": "0777",
            "file_permission": "0777",
            "filename": "dir2/fg",
            "id": "7eeef5a1723c807191c9f192cc75e7a3a70cd9ea",
            "sensitive_content": null,
            "source": null
          },
          "sensitive_attributes": [
            [
              {
                "type": "get_attr",
                "value": "sensitive_content"
              }
            ]
          ],
          "identity_schema_version": 0
        }
      ]
    },
    {
      "mode": "managed",
      "type": "local_file",
      "name": "file1",
      "provider": "provider[\"registry.terraform.io/hashicorp/local\"]",
      "instances": [
        {
          "schema_version": 0,
          "attributes": {
            "content": "local content1",
            "content_base64": null,
            "content_base64sha256": "eXHgliWeNjKc4QcFmYahhLrL7Fr63n5BDiBLDpI6g6Q=",
            "content_base64sha512": "JBkCCVIJjqy4WAC+b4cR56KRAKMuL4v4KApWH3vnLIA27EWfa70UBeWvkO6kVf9qjBMWo6yMoGqpkSX5nv16AQ==",
            "content_md5": "d545db11ef70b018eb88828e9e359161",
            "content_sha1": "ae2df11a1562349ab25151a4cef347b12b9e8c91",
            "content_sha256": "7971e096259e36329ce107059986a184bacbec5afade7e410e204b0e923a83a4",
            "content_sha512": "2419020952098eacb85800be6f8711e7a29100a32e2f8bf8280a561f7be72c8036ec459f6bbd1405e5af90eea455ff6a8c1316a3ac8ca06aa99125f99efd7a01",
            "directory_permission": "0777",
            "file_permission": "0777",
            "filename": "file1",
            "id": "ae2df11a1562349ab25151a4cef347b12b9e8c91",
            "sensitive_content": null,
            "source": null
          },
          "sensitive_attributes": [
            [
              {
                "type": "get_attr",
                "value": "sensitive_content"
              }
            ]
          ],
          "identity_schema_version": 0
        }
      ]
    },
    {
      "mode": "managed",
      "type": "local_file",
      "name": "file2",
      "provider": "provider[\"registry.terraform.io/hashicorp/local\"]",
      "instances": [
        {
          "schema_version": 0,
          "attributes": {
            "content": "localcontent2",
            "content_base64": null,
            "content_base64sha256": "3lR7CXPXxiTMgmvAWcCW69FIsZUJDqRS1YlSANlG4MY=",
            "content_base64sha512": "qcJ51ZuvNyf/BkglbHzelEXBtNEUVew5kKCVflCtP/GnMuOBPNApWbjUJkVfcAZ3wgPVtZQFyT9/AUKMvoLt1A==",
            "content_md5": "324313ddd3eadbf2c511b5aa391bba99",
            "content_sha1": "ad480413416aa482484ff33c05a7d09552ebbaba",
            "content_sha256": "de547b0973d7c624cc826bc059c096ebd148b195090ea452d5895200d946e0c6",
            "content_sha512": "a9c279d59baf3727ff0648256c7cde9445c1b4d11455ec3990a0957e50ad3ff1a732e3813cd02959b8d426455f700677c203d5b59405c93f7f01428cbe82edd4",
            "directory_permission": "0777",
            "file_permission": "0777",
            "filename": "file2",
            "id": "ad480413416aa482484ff33c05a7d09552ebbaba",
            "sensitive_content": null,
            "source": null
          },
          "sensitive_attributes": [
            [
              {
                "type": "get_attr",
                "value": "sensitive_content"
              }
            ]
          ],
          "identity_schema_version": 0
        }
      ]
    }
  ],
  "check_results": null
}
